
Microsoft Visual Studio Solution File, Format Version 12.00
# Visual Studio Version 17
VisualStudioVersion = 17.12.35521.163 d17.12
MinimumVisualStudioVersion = 10.0.40219.1
Project("{FAE04EC0-301F-11D3-BF4B-00C04F79EFBC}") = "ConduitSizeCalculator", "ConduitSizeCalculator\ConduitSizeCalculator.csproj", "{F5CF4EE8-1A88-4989-8612-D441C3C160E0}"
EndProject
Global
	GlobalSection(SolutionConfigurationPlatforms) = preSolution
		Debug|Any CPU = Debug|Any CPU
		Debug-2012|Any CPU = Debug-2012|Any CPU
		Debug-2014|Any CPU = Debug-2014|Any CPU
		Debug-2016|Any CPU = Debug-2016|Any CPU
		Release|Any CPU = Release|Any CPU
		Release-2012|Any CPU = Release-2012|Any CPU
		Release-2014|Any CPU = Release-2014|Any CPU
		Release-2016|Any CPU = Release-2016|Any CPU
	EndGlobalSection
	GlobalSection(ProjectConfigurationPlatforms) = postSolution
		{F5CF4EE8-1A88-4989-8612-D441C3C160E0}.Debug|Any CPU.ActiveCfg = Debug|Any CPU
		{F5CF4EE8-1A88-4989-8612-D441C3C160E0}.Debug|Any CPU.Build.0 = Debug|Any CPU
		{F5CF4EE8-1A88-4989-8612-D441C3C160E0}.Debug-2012|Any CPU.ActiveCfg = Debug-2012|Any CPU
		{F5CF4EE8-1A88-4989-8612-D441C3C160E0}.Debug-2012|Any CPU.Build.0 = Debug-2012|Any CPU
		{F5CF4EE8-1A88-4989-8612-D441C3C160E0}.Debug-2014|Any CPU.ActiveCfg = Debug-2014|Any CPU
		{F5CF4EE8-1A88-4989-8612-D441C3C160E0}.Debug-2014|Any CPU.Build.0 = Debug-2014|Any CPU
		{F5CF4EE8-1A88-4989-8612-D441C3C160E0}.Debug-2016|Any CPU.ActiveCfg = Debug-2016|Any CPU
		{F5CF4EE8-1A88-4989-8612-D441C3C160E0}.Debug-2016|Any CPU.Build.0 = Debug-2016|Any CPU
		{F5CF4EE8-1A88-4989-8612-D441C3C160E0}.Release|Any CPU.ActiveCfg = Release|Any CPU
		{F5CF4EE8-1A88-4989-8612-D441C3C160E0}.Release|Any CPU.Build.0 = Release|Any CPU
		{F5CF4EE8-1A88-4989-8612-D441C3C160E0}.Release-2012|Any CPU.ActiveCfg = Release-2012|Any CPU
		{F5CF4EE8-1A88-4989-8612-D441C3C160E0}.Release-2012|Any CPU.Build.0 = Release-2012|Any CPU
		{F5CF4EE8-1A88-4989-8612-D441C3C160E0}.Release-2014|Any CPU.ActiveCfg = Release-2014|Any CPU
		{F5CF4EE8-1A88-4989-8612-D441C3C160E0}.Release-2014|Any CPU.Build.0 = Release-2014|Any CPU
		{F5CF4EE8-1A88-4989-8612-D441C3C160E0}.Release-2016|Any CPU.ActiveCfg = Release-2016|Any CPU
		{F5CF4EE8-1A88-4989-8612-D441C3C160E0}.Release-2016|Any CPU.Build.0 = Release-2016|Any CPU
	EndGlobalSection
	GlobalSection(SolutionProperties) = preSolution
		HideSolutionNode = FALSE
	EndGlobalSection
EndGlobal
